version: 7
platforms:
- name: linux-64
environments:
  default:
    channels:
    - url: https://conda.anaconda.org/conda-forge/
    - url: https://conda.anaconda.org/bioconda/
    packages:
      linux-64:
      - conda: https://conda.anaconda.org/bioconda/linux-64/htslib-1.17-h6bc39ce_1.tar.bz2
      - conda: https://conda.anaconda.org/bioconda/linux-64/pysam-0.20.0-py27h7835474_0.tar.bz2
      - conda: https://conda.anaconda.org/bioconda/linux-64/samtools-1.12-h9aed4be_1.tar.bz2
      - conda: https://conda.anaconda.org/bioconda/noarch/tabix-1.11-hdfd78af_0.tar.bz2
      - conda: https://conda.anaconda.org/conda-forge/linux-64/_openmp_mutex-4.5-20_gnu.conda
      - conda: https://conda.anaconda.org/conda-forge/linux-64/bzip2-1.0.8-hda65f42_10.conda
      - conda: https://conda.anaconda.org/conda-forge/linux-64/c-ares-1.34.8-hebe6cf0_2.conda
      - conda: https://conda.anaconda.org/conda-forge/linux-64/icu-73.2-h59595ed_0.conda
      - conda: https://conda.anaconda.org/conda-forge/linux-64/keyutils-1.6.3-h7cc23a3_1.conda
      - conda: https://conda.anaconda.org/conda-forge/linux-64/krb5-1.20.1-hf9c8cef_0.conda
      - conda: https://conda.anaconda.org/conda-forge/linux-64/ld_impl_linux-64-2.46.1-bootstrap_ha15bf96_2.conda
      - conda: https://conda.anaconda.org/conda-forge/linux-64/libcap-2.78-h084b8d7_1.conda
      - conda: https://conda.anaconda.org/conda-forge/linux-64/libcurl-7.87.0-h6312ad2_0.conda
      - conda: https://conda.anaconda.org/conda-forge/linux-64/libdeflate-1.26-h351257e_0.conda
      - conda: https://conda.anaconda.org/conda-forge/linux-64/libedit-3.1.20191231-he28a2e2_2.tar.bz2
      - conda: https://conda.anaconda.org/conda-forge/linux-64/libev-4.33-h280c20c_3.conda
      - conda: https://conda.anaconda.org/conda-forge/linux-64/libfabric-2.6.0-ha770c72_0.conda
      - conda: https://conda.anaconda.org/conda-forge/linux-64/libfabric1-2.6.0-h6b3ec72_0.conda
      - conda: https://conda.anaconda.org/conda-forge/linux-64/libffi-3.2.1-he1b5a44_1007.tar.bz2
      - conda: https://conda.anaconda.org/conda-forge/linux-64/libgcc-16.2.0-ha9f2e26_7.conda
      - conda: https://conda.anaconda.org/conda-forge/linux-64/libgcc-ng-16.2.0-h69a702a_7.conda
      - conda: https://conda.anaconda.org/conda-forge/linux-64/libgfortran-16.2.0-h69a702a_7.conda
      - conda: https://conda.anaconda.org/conda-forge/linux-64/libgfortran5-16.2.0-h6b99dfc_7.conda
      - conda: https://conda.anaconda.org/conda-forge/linux-64/libgomp-16.2.0-he0feb66_7.conda
      - conda: https://conda.anaconda.org/conda-forge/linux-64/libhwloc-2.11.2-default_he43201b_1000.conda
      - conda: https://conda.anaconda.org/conda-forge/linux-64/libiconv-1.18-h0cb94f2_3.conda
      - conda: https://conda.anaconda.org/conda-forge/linux-64/libnghttp2-1.51.0-hdcd2b5c_0.conda
      - conda: https://conda.anaconda.org/conda-forge/linux-64/libnl-3.11.0-hb03c661_1.conda
      - conda: https://conda.anaconda.org/conda-forge/linux-64/libssh2-1.10.0-haa6b8db_3.tar.bz2
      - conda: https://conda.anaconda.org/conda-forge/linux-64/libstdcxx-16.2.0-h934c35e_7.conda
      - conda: https://conda.anaconda.org/conda-forge/linux-64/libstdcxx-ng-16.2.0-hdf11a46_7.conda
      - conda: https://conda.anaconda.org/conda-forge/linux-64/libsystemd0-262-h26e0ef7_2.conda
      - conda: https://conda.anaconda.org/conda-forge/linux-64/libudev1-262-h26e0ef7_2.conda
      - conda: https://conda.anaconda.org/conda-forge/linux-64/libxml2-2.12.7-hc051c1a_1.conda
      - conda: https://conda.anaconda.org/conda-forge/linux-64/libzlib-1.2.13-h4ab18f5_6.conda
      - conda: https://conda.anaconda.org/conda-forge/linux-64/mpi4py-3.0.3-py27hf423c55_1.tar.bz2
      - conda: https://conda.anaconda.org/conda-forge/linux-64/mpich-4.3.0-h1a8bee6_100.conda
      - conda: https://conda.anaconda.org/conda-forge/linux-64/ncurses-6.2-h58526e2_4.tar.bz2
      - conda: https://conda.anaconda.org/conda-forge/linux-64/netifaces-0.10.4-py27_0.tar.bz2
      - conda: https://conda.anaconda.org/conda-forge/linux-64/openssl-1.1.1w-hd590300_0.conda
      - conda: https://conda.anaconda.org/conda-forge/linux-64/psutil-5.7.0-py27hdf8410d_1.tar.bz2
      - conda: https://conda.anaconda.org/conda-forge/linux-64/python-2.7.15-h5a48372_1011_cpython.tar.bz2
      - conda: https://conda.anaconda.org/conda-forge/linux-64/python_abi-2.7-1_cp27mu.tar.bz2
      - conda: https://conda.anaconda.org/conda-forge/linux-64/rdma-core-65.0-h7b4f2e6_0.conda
      - conda: https://conda.anaconda.org/conda-forge/linux-64/readline-8.1-h46c0cb4_0.tar.bz2
      - conda: https://conda.anaconda.org/conda-forge/linux-64/sqlite-3.37.0-h9cd32fc_0.tar.bz2
      - conda: https://conda.anaconda.org/conda-forge/linux-64/tk-8.6.13-noxft_h4845f30_101.conda
      - conda: https://conda.anaconda.org/conda-forge/linux-64/ucx-1.18.1-h990bcc0_2.conda
      - conda: https://conda.anaconda.org/conda-forge/linux-64/xz-5.2.6-h166bdaf_0.tar.bz2
      - conda: https://conda.anaconda.org/conda-forge/linux-64/zlib-1.2.13-h4ab18f5_6.conda
      - conda: https://conda.anaconda.org/conda-forge/noarch/ca-certificates-2026.7.22-hbd8a1cb_0.conda
      - conda: https://conda.anaconda.org/conda-forge/noarch/mpi-1.0.1-mpich.conda
packages:
- conda: https://conda.anaconda.org/bioconda/linux-64/htslib-1.17-h6bc39ce_1.tar.bz2
  sha256: 3236e98be603dabec298c15e493445e2b6e9059648e951b595f032e8cb994cb6
  md5: ba73207904543acbaa6983975cd11c7b
  depends:
  - bzip2 >=1.0.8,<2.0a0
  - libcurl >=7.87.0,<8.0a0
  - libdeflate >=1.13,<1.27.0a0
  - libgcc-ng >=12
  - libzlib >=1.2.13,<1.3.0a0
  - openssl >=1.1.1t,<1.1.2a
  - xz >=5.2.6,<5.3.0a0
  - zlib >=1.2.13,<1.3.0a0
  license: MIT
  run_exports:
    weak:
    - htslib >=1.17,<1.18.0a0
  size: 2472007
  timestamp: 1683813300103
- conda: https://conda.anaconda.org/bioconda/linux-64/pysam-0.20.0-py27h7835474_0.tar.bz2
  sha256: 18a36467d338491f484d617ce0be625c6a838af920fc76530dffb2c62e42cdec
  md5: df6cd4d3635ff2a14a796c99d74fccdb
  depends:
  - bzip2 >=1.0.8,<2.0a0
  - libcurl >=7.86.0,<8.0a0
  - libdeflate >=1.13,<1.27.0a0
  - libgcc-ng >=12
  - libzlib >=1.2.13,<1.3.0a0
  - openssl >=1.1.1s,<1.1.2a
  - python >=2.7,<2.8.0a0
  - python_abi 2.7.* *_cp27mu
  - xz >=5.2.6,<5.3.0a0
  - zlib >=1.2.13,<1.3.0a0
  license: MIT
  run_exports: {}
  size: 3175627
  timestamp: 1670014063303
- conda: https://conda.anaconda.org/bioconda/linux-64/samtools-1.12-h9aed4be_1.tar.bz2
  sha256: 20159e5615f848914cc25b79929e154c15b594530ce7d475f86c0712e969d747
  md5: 28d45e53917d0a4b5fb8fb5b3bcf86fc
  depends:
  - htslib >=1.12,<1.25.0a0
  - libgcc-ng >=9.3.0
  - ncurses >=6.2,<6.3.0a0
  - zlib >=1.2.11,<1.3.0a0
  license: MIT
  run_exports: {}
  size: 394938
  timestamp: 1616892395857
- conda: https://conda.anaconda.org/bioconda/noarch/tabix-1.11-hdfd78af_0.tar.bz2
  sha256: 9cc71617773a5d12e696d707b8bfa8934984b59e75913a32b65ea3c2121669a7
  md5: cb68d74b5a5ca94b745ce168b1043dfd
  depends:
  - htslib >=1.9
  license: MIT
  size: 6062
  timestamp: 1619076843104
- conda: https://conda.anaconda.org/conda-forge/linux-64/_openmp_mutex-4.5-20_gnu.conda
  build_number: 20
  sha256: 1dd3fffd892081df9726d7eb7e0dea6198962ba775bd88842135a4ddb4deb3c9
  md5: a9f577daf3de00bca7c3c76c0ecbd1de
  depends:
  - __glibc >=2.17,<3.0.a0
  - libgomp >=7.5.0
  constrains:
  - openmp_impl <0.0a0
  license: BSD-3-Clause
  license_family: BSD
  run_exports:
    strong:
    - _openmp_mutex >=4.5
  size: 28948
  timestamp: 1770939786096
- conda: https://conda.anaconda.org/conda-forge/linux-64/bzip2-1.0.8-hda65f42_10.conda
  sha256: 1a0d382c515ebf55f8ee1f38c8b81bc95af5c2acc42ad53b66bc5df932032f96
  md5: e675fabcf81499adc7edf58124fb1e01
  depends:
  - __glibc >=2.17,<3.0.a0
  - libgcc >=14
  license: bzip2-1.0.6
  license_family: BSD
  run_exports:
    weak:
    - bzip2 >=1.0.8,<2.0a0
  size: 257808
  timestamp: 1785906269155
- conda: https://conda.anaconda.org/conda-forge/linux-64/c-ares-1.34.8-hebe6cf0_2.conda
  sha256: 9c37cc233238adf366ea75b0e845662a5be07ceadf62e458183516369340274b
  md5: 3ad2b403be8fc5612b9159e2ce621f69
  depends:
  - libgcc >=15
  - __glibc >=2.17,<3.0.a0
  license: MIT
  license_family: MIT
  run_exports:
    weak:
    - c-ares >=1.34.8,<2.0a0
  size: 228700
  timestamp: 1787169971173
- conda: https://conda.anaconda.org/conda-forge/linux-64/icu-73.2-h59595ed_0.conda
  sha256: e12fd90ef6601da2875ebc432452590bc82a893041473bc1c13ef29001a73ea8
  md5: cc47e1facc155f91abd89b11e48e72ff
  depends:
  - libgcc-ng >=12
  - libstdcxx-ng >=12
  license: MIT
  license_family: MIT
  run_exports:
    weak:
    - icu >=73.2,<74.0a0
  size: 12089150
  timestamp: 1692900650789
- conda: https://conda.anaconda.org/conda-forge/linux-64/keyutils-1.6.3-h7cc23a3_1.conda
  sha256: dd053c96dcb0dcfd59422aefea9d2fe937a190167f34fba7893ec1e10a7e8963
  md5: ba55d1b89fd7775e67de8291029b4059
  depends:
  - __glibc >=2.17,<3.0.a0
  - libgcc >=15
  license: LGPL-2.1-or-later
  run_exports:
    weak:
    - keyutils >=1.6.3,<2.0a0
  size: 135295
  timestamp: 1786739238128
- conda: https://conda.anaconda.org/conda-forge/linux-64/krb5-1.20.1-hf9c8cef_0.conda
  sha256: 3274ef26e40df1c23bd34adc075e40cc6c335540688c36ac261d64561da56278
  md5: 5f7e9efd540d7ac4b485660231ba6150
  depends:
  - keyutils >=1.6.1,<2.0a0
  - libedit >=3.1.20191231,<3.2.0a0
  - libedit >=3.1.20191231,<4.0a0
  - libgcc-ng >=12
  - libstdcxx-ng >=12
  - openssl >=1.1.1s,<1.1.2a
  license: MIT
  license_family: MIT
  run_exports:
    weak:
    - krb5 >=1.20.1,<1.21.0a0
  size: 1326164
  timestamp: 1671091702497
- conda: https://conda.anaconda.org/conda-forge/linux-64/ld_impl_linux-64-2.46.1-bootstrap_ha15bf96_2.conda
  sha256: 87a2158a8f16f8082f8d57282ef8f7b56dee8647b95919948cf03df91574edeb
  md5: 2c238120d4d57c422d6671036eae76a8
  depends:
  - __glibc >=2.17,<3.0.a0
  constrains:
  - binutils_impl_linux-64 2.46.1
  license: GPL-3.0-only
  license_family: GPL
  run_exports: {}
  size: 744588
  timestamp: 1784214414025
- conda: https://conda.anaconda.org/conda-forge/linux-64/libcap-2.78-h084b8d7_1.conda
  sha256: 8cb25174d6b6fac95d31e86cfe41faffc8ee9dacbf2bfd22e6c23377e8f338c1
  md5: 5db514adf5f843126ff846d1510f22a4
  depends:
  - __glibc >=2.17,<3.0.a0
  - libgcc >=14
  license: BSD-3-Clause
  license_family: BSD
  run_exports:
    weak:
    - libcap >=2.78,<2.79.0a0
  size: 124306
  timestamp: 1786025967663
- conda: https://conda.anaconda.org/conda-forge/linux-64/libcurl-7.87.0-h6312ad2_0.conda
  sha256: 4e95c12244a50c8f8e9173e0bd37d6067fd753437ab636afb44ce28382a325eb
  md5: ad07f06bd133e76e12165bc3ec2c8646
  depends:
  - krb5 >=1.20.1,<1.21.0a0
  - libgcc-ng >=12
  - libnghttp2 >=1.47.0,<2.0a0
  - libssh2 >=1.10.0,<2.0a0
  - libzlib >=1.2.13,<2.0.0a0
  - openssl >=1.1.1s,<1.1.2a
  license: curl
  license_family: MIT
  run_exports:
    weak:
    - libcurl >=7.87.0,<8.0a0
  size: 347431
  timestamp: 1671621575854
- conda: https://conda.anaconda.org/conda-forge/linux-64/libdeflate-1.26-h351257e_0.conda
  sha256: f437f68abb1fa1dededd082a0c2800bec40495e01cf9ec46f4e693e34d60b644
  md5: d0c17fc12939a990f0865b7a14b49cfe
  depends:
  - __glibc >=2.17,<3.0.a0
  - libgcc >=15
  license: MIT
  license_family: MIT
  run_exports:
    weak:
    - libdeflate >=1.26,<1.27.0a0
  size: 74338
  timestamp: 1787442593524
- conda: https://conda.anaconda.org/conda-forge/linux-64/libedit-3.1.20191231-he28a2e2_2.tar.bz2
  sha256: a57d37c236d8f7c886e01656f4949d9dcca131d2a0728609c6f7fa338b65f1cf
  md5: 4d331e44109e3f0e19b4cb8f9b82f3e1
  depends:
  - libgcc-ng >=7.5.0
  - ncurses >=6.2,<7.0.0a0
  license: BSD-2-Clause
  license_family: BSD
  run_exports:
    weak:
    - libedit >=3.1.20191231,<3.2.0a0
  size: 123878
  timestamp: 1597616541093
- conda: https://conda.anaconda.org/conda-forge/linux-64/libev-4.33-h280c20c_3.conda
  sha256: e4418f68d01a6307c4431b585c71b584f40189877364e542ee87deb777f5e85b
  md5: 7bc31538d6e3fb349e897353969237ec
  depends:
  - libgcc >=14
  - __glibc >=2.17,<3.0.a0
  license: BSD-2-Clause OR GPL-2.0-or-later
  license_family: GPL
  run_exports:
    weak:
    - libev >=4.33,<4.34.0a0
  size: 43220
  timestamp: 1785917328200
- conda: https://conda.anaconda.org/conda-forge/linux-64/libfabric-2.6.0-ha770c72_0.conda
  sha256: 45bb0eb92000a3f82555cc948013935aace8a1ea522b79700f58d3906c18e846
  md5: b04e60c49d09399a009f3bb70bb53a23
  depends:
  - libfabric1 2.6.0 h6b3ec72_0
  license: BSD-2-Clause OR GPL-2.0-only
  license_family: BSD
  run_exports: {}
  size: 14365
  timestamp: 1782364120544
- conda: https://conda.anaconda.org/conda-forge/linux-64/libfabric1-2.6.0-h6b3ec72_0.conda
  sha256: ba8de6a838bc0727ef8e5a1409c6735465b7b582627a9b4c2704126e53903f43
  md5: 7d8c510157360d0a6fdd84a1d3db8de7
  depends:
  - __glibc >=2.28,<3.0.a0
  - libgcc >=14
  - libnl >=3.11.0,<4.0a0
  - rdma-core >=63.0
  license: BSD-2-Clause OR GPL-2.0-only
  license_family: BSD
  run_exports: {}
  size: 734920
  timestamp: 1782364119825
- conda: https://conda.anaconda.org/conda-forge/linux-64/libffi-3.2.1-he1b5a44_1007.tar.bz2
  sha256: 992246df63724484e9ee8652ce3ca0237f707961beab8b813096bbc647cf84f4
  md5: 11389072d7d6036fd811c3d9460475cd
  depends:
  - libgcc-ng >=7.3.0
  - libstdcxx-ng >=7.3.0
  license: Custom
  run_exports:
    weak:
    - libffi >=3.2.1,<4.0a0
  size: 48003
  timestamp: 1584559351227
- conda: https://conda.anaconda.org/conda-forge/linux-64/libgcc-16.2.0-ha9f2e26_7.conda
  sha256: e031634c3a928f9594eba868bc46ef5230d6571a364a0c63215b06c4563bfcea
  md5: 735629b400b70eeab21a2ba8f5b1c2ce
  depends:
  - __glibc >=2.17,<3.0.a0
  - _openmp_mutex >=4.5
  constrains:
  - libgcc-ng ==16.2.0=*_7
  - libgomp 16.2.0 he0feb66_7
  license: GPL-3.0-only WITH GCC-exception-3.1
  license_family: GPL
  run_exports: {}
  size: 1058444
  timestamp: 1790303109576
- conda: https://conda.anaconda.org/conda-forge/linux-64/libgcc-ng-16.2.0-h69a702a_7.conda
  sha256: 03b54d7008de080a17cc2174b0e4acd6d06e1c981b2eb19846f46d8f59966034
  md5: 2005515ac9340f816fb2ac7e83afe553
  depends:
  - libgcc 16.2.0 ha9f2e26_7
  license: GPL-3.0-only WITH GCC-exception-3.1
  license_family: GPL
  run_exports:
    strong:
    - libgcc
  size: 28616
  timestamp: 1790303114248
- conda: https://conda.anaconda.org/conda-forge/linux-64/libgfortran-16.2.0-h69a702a_7.conda
  sha256: 9682ae4dd11487e10b904b3cb3ab6379cad25233d45fdfdf90d54349df244494
  md5: 3a8d285f5f22138ef826ad54cf267e73
  depends:
  - libgfortran5 16.2.0 h6b99dfc_7
  constrains:
  - libgfortran-ng ==16.2.0=*_7
  license: GPL-3.0-only WITH GCC-exception-3.1
  license_family: GPL
  run_exports: {}
  size: 28571
  timestamp: 1790303139904
- conda: https://conda.anaconda.org/conda-forge/linux-64/libgfortran5-16.2.0-h6b99dfc_7.conda
  sha256: 04dbab12c925b92977bb835dd2f5eda413607afa79f95a554e5a04b07a380322
  md5: 7719ed7be38ad8c492c4bd5cc2bce0c4
  depends:
  - __glibc >=2.17,<3.0.a0
  - libgcc >=16.2.0
  constrains:
  - libgfortran 16.2.0
  license: GPL-3.0-only WITH GCC-exception-3.1
  license_family: GPL
  run_exports: {}
  size: 2528180
  timestamp: 1790303122004
- conda: https://conda.anaconda.org/conda-forge/linux-64/libgomp-16.2.0-he0feb66_7.conda
  sha256: 92a0bb350c7be6a4eedcb4e111c60aefd176018e6b1c009a6e025dbe9bbcd758
  md5: d904c7ddd95e026254b4b80808ee9e12
  depends:
  - __glibc >=2.17,<3.0.a0
  license: GPL-3.0-only WITH GCC-exception-3.1
  license_family: GPL
  run_exports:
    strong:
    - _openmp_mutex >=4.5
  size: 640566
  timestamp: 1790303046034
- conda: https://conda.anaconda.org/conda-forge/linux-64/libhwloc-2.11.2-default_he43201b_1000.conda
  sha256: 75be8732e6f94ff2faa129f44ec4970275e1d977559b0c2fb75b7baa5347e16b
  md5: 36247217c4e1018085bd9db41eb3526a
  depends:
  - __glibc >=2.17,<3.0.a0
  - libgcc >=13
  - libstdcxx >=13
  - libxml2 >=2.12.7,<2.14.0a0
  license: BSD-3-Clause
  license_family: BSD
  run_exports:
    weak:
    - libhwloc >=2.11.2,<2.11.3.0a0
  size: 2425405
  timestamp: 1727379398547
- conda: https://conda.anaconda.org/conda-forge/linux-64/libiconv-1.18-h0cb94f2_3.conda
  sha256: f943117edb9cd4d9c61cc972eee5a34291dc55ea7a6e9e38da104995841cbcb6
  md5: f92233bf33e24a25668bb2119e2c51f9
  depends:
  - __glibc >=2.17,<3.0.a0
  - libgcc >=15
  license: LGPL-2.1-only
  run_exports:
    weak:
    - libiconv >=1.18,<2.0a0
  size: 789471
  timestamp: 1787033836207
- conda: https://conda.anaconda.org/conda-forge/linux-64/libnghttp2-1.51.0-hdcd2b5c_0.conda
  sha256: 3f76e99eacfc4ce3deac3b78d5508449efb8b72dea3e31d9f2c6db7f5cf00e75
  md5: c42b460bae0365fb9777b1ff9d09a554
  depends:
  - c-ares >=1.18.1,<2.0a0
  - libev >=4.33,<4.34.0a0
  - libgcc-ng >=12
  - libstdcxx-ng >=12
  - libzlib >=1.2.13,<2.0.0a0
  - openssl >=1.1.1s,<1.1.2a
  license: MIT
  license_family: MIT
  run_exports:
    weak:
    - libnghttp2 >=1.51.0,<2.0a0
  size: 622739
  timestamp: 1672695694560
- conda: https://conda.anaconda.org/conda-forge/linux-64/libnl-3.11.0-hb03c661_1.conda
  sha256: d0f2fd77aad83641c11bc3686bac677e99869f1d62b99e5064c9d99af8bfde6a
  md5: eeaf53e3c9593d63ffee5ad97182858e
  depends:
  - __glibc >=2.17,<3.0.a0
  - libgcc >=14
  license: LGPL-2.1-or-later
  license_family: LGPL
  run_exports:
    weak:
    - libnl >=3.11.0,<4.0a0
  size: 735004
  timestamp: 1787038268022
- conda: https://conda.anaconda.org/conda-forge/linux-64/libssh2-1.10.0-haa6b8db_3.tar.bz2
  sha256: 3c2ed83502bedf4ec8c5b972accb6ff1b6c018f72fb711cdb65cb8540d5ab89e
  md5: 89acee135f0809a18a1f4537390aa2dd
  depends:
  - libgcc-ng >=12
  - libzlib >=1.2.12,<2.0.0a0
  - openssl >=1.1.1q,<1.1.2a
  license: BSD-3-Clause
  license_family: BSD
  run_exports:
    weak:
    - libssh2 >=1.10.0,<2.0a0
  size: 239461
  timestamp: 1660346486026
- conda: https://conda.anaconda.org/conda-forge/linux-64/libstdcxx-16.2.0-h934c35e_7.conda
  sha256: fa7018298629fc429971fffd6ecba3d27a7b02e4e890d6a93ea01ffebe8cb745
  md5: 9b6707e0caca917fa6ea9ee473f37a5d
  depends:
  - __glibc >=2.17,<3.0.a0
  - libgcc 16.2.0 ha9f2e26_7
  constrains:
  - libstdcxx-ng ==16.2.0=*_7
  license: GPL-3.0-only WITH GCC-exception-3.1
  license_family: GPL
  run_exports: {}
  size: 6615436
  timestamp: 1790303132935
- conda: https://conda.anaconda.org/conda-forge/linux-64/libstdcxx-ng-16.2.0-hdf11a46_7.conda
  sha256: 337f481db36cc357884f05f404ccd1b3a7e0fc1ee48ec5c884e4281d213bc863
  md5: 25a23bde5e26d548374f3e02b4669670
  depends:
  - libstdcxx 16.2.0 h934c35e_7
  license: GPL-3.0-only WITH GCC-exception-3.1
  license_family: GPL
  run_exports:
    strong:
    - libstdcxx
  size: 28665
  timestamp: 1790303164510
- conda: https://conda.anaconda.org/conda-forge/linux-64/libsystemd0-262-h26e0ef7_2.conda
  sha256: 265ba1e0bf848b9da2a33f7bec7745bc8d69bc2452e2d9fc75f340492a3b010d
  md5: e76269d6aff0b947103cbe37a96b5737
  depends:
  - __glibc >=2.17,<3.0.a0
  - libcap >=2.78,<2.79.0a0
  - libgcc >=15
  license: LGPL-2.1-or-later
  run_exports: {}
  size: 572864
  timestamp: 1790777898360
- conda: https://conda.anaconda.org/conda-forge/linux-64/libudev1-262-h26e0ef7_2.conda
  sha256: 81a6318191e56eabb6935c480902a58b79872f1be600d58a3328a01ba6e7dba9
  md5: 2303b56f6f9d8a5ae81bf5f0c75d31b8
  depends:
  - __glibc >=2.17,<3.0.a0
  - libcap >=2.78,<2.79.0a0
  - libgcc >=15
  license: LGPL-2.1-or-later
  run_exports: {}
  size: 184629
  timestamp: 1790777902394
- conda: https://conda.anaconda.org/conda-forge/linux-64/libxml2-2.12.7-hc051c1a_1.conda
  sha256: 576ea9134176636283ff052897bf7a91ffd8ac35b2c505dfde2890ec52849698
  md5: 340278ded8b0dc3a73f3660bbb0adbc6
  depends:
  - icu >=73.2,<74.0a0
  - libgcc-ng >=12
  - libiconv >=1.17,<2.0a0
  - libzlib >=1.2.13,<2.0a0
  - xz >=5.2.6,<6.0a0
  license: MIT
  license_family: MIT
  run_exports:
    weak:
    - libxml2 >=2.12.7,<3.0a0
  size: 704984
  timestamp: 1717546454837
- conda: https://conda.anaconda.org/conda-forge/linux-64/libzlib-1.2.13-h4ab18f5_6.conda
  sha256: 8ced4afed6322172182af503f21725d072a589a6eb918f8a58135c1e00d35980
  md5: 27329162c0dc732bcf67a4e0cd488125
  depends:
  - libgcc-ng >=12
  constrains:
  - zlib 1.2.13 *_6
  license: Zlib
  license_family: Other
  run_exports:
    weak:
    - libzlib >=1.2.13,<2.0a0
  size: 61571
  timestamp: 1716874066944
- conda: https://conda.anaconda.org/conda-forge/linux-64/mpi4py-3.0.3-py27hf423c55_1.tar.bz2
  sha256: 26241ea53a5e5d10e0a274f5704c64573af1223653cb13cd71053fb0e3230e8a
  md5: 461219d07a7b2dffbf197dac664fa0a5
  depends:
  - libgcc-ng >=7.3.0
  - mpich >=3.3,<5.0.0a0
  - python >=2.7,<2.8.0a0
  - python_abi 2.7.* *_cp27mu
  license: BSD 2-clause
  license_family: BSD
  run_exports: {}
  size: 647660
  timestamp: 1584217781613
- conda: https://conda.anaconda.org/conda-forge/linux-64/mpich-4.3.0-h1a8bee6_100.conda
  sha256: 04a012a7f1f13f5629bf1212ccd27ebb41197ca4d0c5f5ff28a608fab4783c27
  md5: 5184f66a5a8226d84a9f2935b5096d52
  depends:
  - __glibc >=2.17,<3.0.a0
  - libfabric
  - libfabric1 >=1.14.0
  - libgcc >=13
  - libgfortran
  - libgfortran5 >=13.3.0
  - libhwloc >=2.11.2,<2.11.3.0a0
  - libstdcxx >=13
  - mpi 1.0.* mpich
  - ucx >=1.18.0,<1.19.0a0
  license: LicenseRef-MPICH
  license_family: Other
  run_exports:
    weak:
    - mpich >=4.3.0,<5.0a0
  size: 5154893
  timestamp: 1738683128492
- conda: https://conda.anaconda.org/conda-forge/linux-64/ncurses-6.2-h58526e2_4.tar.bz2
  sha256: e88a81d9e27eabe306ab9cfbf708b9895a0df46445c1ae67b0f845b9ec599664
  md5: 509f2a21c4a09214cd737a480dfd80c9
  depends:
  - libgcc-ng >=7.5.0
  license: X11 AND BSD-3-Clause
  run_exports:
    weak:
    - ncurses >=6.2,<7.0a0
  size: 1009027
  timestamp: 1605391670194
- conda: https://conda.anaconda.org/conda-forge/linux-64/netifaces-0.10.4-py27_0.tar.bz2
  sha256: aa93395bcb27f792558d7487caf8279b7aece07a71f3eee354e146c2b4c09cf0
  md5: e18651896551cca96d2e028e977ec12f
  depends:
  - python 2.7*
  constrains:
  - python_abi * *_cp27mu
  license: MIT License
  run_exports: {}
  size: 28746
- conda: https://conda.anaconda.org/conda-forge/linux-64/openssl-1.1.1w-hd590300_0.conda
  sha256: 4fe19885c77f0758084feb54954bd1977dfeeab7134fba0a1d9c0cfff821d6bd
  md5: 301e70057a3bd399640bb16bbdf87995
  depends:
  - ca-certificates
  - libgcc-ng >=12
  license: OpenSSL
  license_family: Apache
  run_exports:
    weak:
    - openssl >=1.1.1w,<1.1.2a
  size: 1956010
  timestamp: 1694461292959
- conda: https://conda.anaconda.org/conda-forge/linux-64/psutil-5.7.0-py27hdf8410d_1.tar.bz2
  sha256: 767e0e5a1982ad10f52a0490411b6e88751ab9b6ddb4db6b819556ad7dcb91f7
  md5: 6f38dad22ebeabf847e777192855950b
  depends:
  - libgcc-ng >=7.3.0
  - python >=2.7,<2.8.0a0
  - python_abi 2.7.* *_cp27mu
  license: BSD 3-Clause
  license_family: BSD
  run_exports: {}
  size: 325608
  timestamp: 1584373592926
- conda: https://conda.anaconda.org/conda-forge/linux-64/python-2.7.15-h5a48372_1011_cpython.tar.bz2
  build_number: 1011
  sha256: 1aab076b979046983a74d10b890dc4534eaedcc08a6e2f4e7fb16cc4a05e02e0
  md5: d1824ac0987155f58a03b7ffda01db38
  depends:
  - ld_impl_linux-64
  - libffi >=3.2.1,<3.3.0a0
  - libgcc-ng >=7.3.0
  - libstdcxx-ng >=7.3.0
  - openssl >=1.1.1a,<1.1.2a
  - readline >=8.0,<9.0a0
  - sqlite >=3.30.1,<4.0a0
  - tk >=8.6.10,<8.7.0a0
  - zlib >=1.2.11,<1.3.0a0
  constrains:
  - python_abi 2.7.* *_cp27mu
  - python_abi * *_cp27mu
  license: PSF
  run_exports:
    weak:
    - python_abi 2.7.* *_cp27mu
    noarch:
    - python
  size: 12786925
  timestamp: 1583420245648
- conda: https://conda.anaconda.org/conda-forge/linux-64/python_abi-2.7-1_cp27mu.tar.bz2
  build_number: 1
  sha256: c42da0c09f4afe9f781e68b3af499a52a71d0f1c7dabb79d461d8c01564f77d3
  md5: 02d6ad6bce3a798e6ee85494cd9b3d8d
  depends:
  - python 2.7.*
  constrains:
  - pypy <0a0
  - python_abi * *_cp27mu
  license: BSD-3-Clause
  license_family: BSD
  run_exports: {}
  size: 3779
  timestamp: 1583344653600
- conda: https://conda.anaconda.org/conda-forge/linux-64/rdma-core-65.0-h7b4f2e6_0.conda
  sha256: 2da73957fc57eb46efc0d42bb8d73fa3bf36ea98c02a31ce17de06a40d2a1884
  md5: b47757f1512801cd064f0f973896d724
  depends:
  - __glibc >=2.17,<3.0.a0
  - libgcc >=15
  - libnl >=3.11.0,<4.0a0
  - libstdcxx >=15
  - libsystemd0 >=257.13
  - libudev1 >=257.13
  license: Linux-OpenIB
  license_family: BSD
  run_exports:
    weak:
    - rdma-core >=65.0
  size: 1321393
  timestamp: 1788785066344
- conda: https://conda.anaconda.org/conda-forge/linux-64/readline-8.1-h46c0cb4_0.tar.bz2
  sha256: 30464670b3c81ac739e8df6b2c3c57b56d1e1408572540dec63bf4b8713163e4
  md5: 5788de3c8d7a7d64ac56c784c4ef48e6
  depends:
  - libgcc-ng >=9.3.0
  - ncurses >=6.2,<7.0.0a0
  license: GPL-3.0-only
  license_family: GPL
  run_exports:
    weak:
    - readline >=8.1,<9.0a0
  size: 301611
  timestamp: 1618862995311
- conda: https://conda.anaconda.org/conda-forge/linux-64/sqlite-3.37.0-h9cd32fc_0.tar.bz2
  sha256: 747d385a3e2cf1246bcfb89fea3701dc1aab7947f2a86e6f7ba7a967431fec85
  md5: eb66fc098824d25518a79e83d12a81d6
  depends:
  - libgcc-ng >=9.4.0
  - libzlib >=1.2.11,<2.0.0a0
  - ncurses >=6.2,<7.0.0a0
  - readline >=8.1,<9.0a0
  - zlib >=1.2.11,<1.3.0a0
  license: Unlicense
  run_exports:
    weak:
    - sqlite >=3.37.0,<4.0a0
  size: 1523706
  timestamp: 1638108232693
- conda: https://conda.anaconda.org/conda-forge/linux-64/tk-8.6.13-noxft_h4845f30_101.conda
  sha256: e0569c9caa68bf476bead1bed3d79650bb080b532c64a4af7d8ca286c08dea4e
  md5: d453b98d9c83e71da0741bb0ff4d76bc
  depends:
  - libgcc-ng >=12
  - libzlib >=1.2.13,<2.0.0a0
  license: TCL
  license_family: BSD
  run_exports:
    weak:
    - tk >=8.6.13,<8.7.0a0
  size: 3318875
  timestamp: 1699202167581
- conda: https://conda.anaconda.org/conda-forge/linux-64/ucx-1.18.1-h990bcc0_2.conda
  sha256: cfd5893b5b7b7e5bda44b0f8acc5afcf3f4f85af7625106e4de133a64c77ec5c
  md5: 15e5ae8dc2c3a57a9cd77aa40dedfd40
  depends:
  - __glibc >=2.17,<3.0.a0
  - _openmp_mutex >=4.5
  - libgcc >=14
  - libstdcxx >=14
  - rdma-core >=58.0
  constrains:
  - cuda-version >=12,<13.0a0
  - cuda-cudart
  license: BSD-3-Clause
  license_family: BSD
  run_exports:
    weak:
    - ucx >=1.18.1,<1.19.0a0
  size: 7465498
  timestamp: 1752768453307
- conda: https://conda.anaconda.org/conda-forge/linux-64/xz-5.2.6-h166bdaf_0.tar.bz2
  sha256: 03a6d28ded42af8a347345f82f3eebdd6807a08526d47899a42d62d319609162
  md5: 2161070d867d1b1204ea749c8eec4ef0
  depends:
  - libgcc-ng >=12
  license: LGPL-2.1 and GPL-2.0
  run_exports:
    weak:
    - xz >=5.2.6,<6.0a0
  size: 418368
  timestamp: 1660346797927
- conda: https://conda.anaconda.org/conda-forge/linux-64/zlib-1.2.13-h4ab18f5_6.conda
  sha256: 534824ea44939f3e59ca8ebb95e3ece6f50f9d2a0e69999fbc692311252ed6ac
  md5: 559d338a4234c2ad6e676f460a093e67
  depends:
  - libgcc-ng >=12
  - libzlib 1.2.13 h4ab18f5_6
  license: Zlib
  license_family: Other
  run_exports:
    weak:
    - libzlib >=1.2.13,<2.0a0
  size: 92883
  timestamp: 1716874088980
- conda: https://conda.anaconda.org/conda-forge/noarch/ca-certificates-2026.7.22-hbd8a1cb_0.conda
  sha256: 0a0544cf95f64394fe4959286f5c71f5444ad58feb0602e53becb27448d24da6
  md5: 0f51e2391ade309db462a55611263e9c
  depends:
  - __unix
  license: ISC
  run_exports: {}
  size: 131780
  timestamp: 1784754889428
- conda: https://conda.anaconda.org/conda-forge/noarch/mpi-1.0.1-mpich.conda
  sha256: eacc189267202669a1c5c849dcca2298f41acb3918f05cf912d7d61ee7176fac
  md5: 1052de900d672ec8b3713b8e300a8f06
  license: BSD-3-Clause
  license_family: BSD
  run_exports: {}
  size: 6522
  timestamp: 1727683134241
